
Microsoft Visual Studio Solution File, Format Version 12.00
# Visual Studio Version 17
VisualStudioVersion = 17.5.002.0
MinimumVisualStudioVersion = 10.0.40219.1
Project("{9A19103F-16F7-4668-BE54-9A1E7A4F7556}") = "TableConstructor", "TableConstructor.csproj", "{0906DC3B-4FF3-44CB-93D4-0294690468FE}"
EndProject
Global
	GlobalSection(SolutionConfigurationPlatforms) = preSolution
		Debug|Any CPU = Debug|Any CPU
		Release|Any CPU = Release|Any CPU
	EndGlobalSection
	GlobalSection(ProjectConfigurationPlatforms) = postSolution
		{0906DC3B-4FF3-44CB-93D4-0294690468FE}.Debug|Any CPU.ActiveCfg = Debug|Any CPU
		{0906DC3B-4FF3-44CB-93D4-0294690468FE}.Debug|Any CPU.Build.0 = Debug|Any CPU
		{0906DC3B-4FF3-44CB-93D4-0294690468FE}.Release|Any CPU.ActiveCfg = Release|Any CPU
		{0906DC3B-4FF3-44CB-93D4-0294690468FE}.Release|Any CPU.Build.0 = Release|Any CPU
	EndGlobalSection
	GlobalSection(SolutionProperties) = preSolution
		HideSolutionNode = FALSE
	EndGlobalSection
	GlobalSection(ExtensibilityGlobals) = postSolution
		SolutionGuid = {5474FB7A-6234-43D2-82C1-591DA93C4CEF}
	EndGlobalSection
EndGlobal
